// !$*UTF8*$!
{
	archiveVersion = 1;
	classes = {
	};
	objectVersion = 50;
	objects = {

/* Begin PBXBuildFile section */
		8606A4F6216C505800B08CCD /* PCNumberList.m in Sources */ = {isa = PBXBuildFile; fileRef = 8606A4F5216C505800B08CCD /* PCNumberList.m */; };
		86283531216B37EA002B71D1 /* PCRecentBills.m in Sources */ = {isa = PBXBuildFile; fileRef = 86283530216B37EA002B71D1 /* PCRecentBills.m */; };
		86283535216B3DDC002B71D1 /* InterfaceNumber.m in Sources */ = {isa = PBXBuildFile; fileRef = 86283534216B3DDC002B71D1 /* InterfaceNumber.m */; };
		8628353B216B4A35002B71D1 /* PCCountryList.m in Sources */ = {isa = PBXBuildFile; fileRef = 8628353A216B4A35002B71D1 /* PCCountryList.m */; };
		8628353E216B4B22002B71D1 /* PCAreaList.m in Sources */ = {isa = PBXBuildFile; fileRef = 8628353D216B4B22002B71D1 /* PCAreaList.m */; };
		86283541216B54EE002B71D1 /* PCChargeInfo.m in Sources */ = {isa = PBXBuildFile; fileRef = 86283540216B54EE002B71D1 /* PCChargeInfo.m */; };
		86283546216B5EAE002B71D1 /* InterfacePayment.m in Sources */ = {isa = PBXBuildFile; fileRef = 86283545216B5EAE002B71D1 /* InterfacePayment.m */; };
		86283549216B5EC9002B71D1 /* InterfacePhone.m in Sources */ = {isa = PBXBuildFile; fileRef = 86283548216B5EC9002B71D1 /* InterfacePhone.m */; };
		8628354C216B5F02002B71D1 /* InterfaceCoin.m in Sources */ = {isa = PBXBuildFile; fileRef = 8628354B216B5F02002B71D1 /* InterfaceCoin.m */; };
		866232A5215F2C72006BFA59 /* AppDelegate.m in Sources */ = {isa = PBXBuildFile; fileRef = 866232A4215F2C72006BFA59 /* AppDelegate.m */; };
		866232A8215F2C72006BFA59 /* ViewController.m in Sources */ = {isa = PBXBuildFile; fileRef = 866232A7215F2C72006BFA59 /* ViewController.m */; };
		866232AB215F2C72006BFA59 /* Main.storyboard in Resources */ = {isa = PBXBuildFile; fileRef = 866232A9215F2C72006BFA59 /* Main.storyboard */; };
		866232AD215F2C74006BFA59 /* Assets.xcassets in Resources */ = {isa = PBXBuildFile; fileRef = 866232AC215F2C74006BFA59 /* Assets.xcassets */; };
		866232B0215F2C74006BFA59 /* LaunchScreen.storyboard in Resources */ = {isa = PBXBuildFile; fileRef = 866232AE215F2C74006BFA59 /* LaunchScreen.storyboard */; };
		866232B3215F2C74006BFA59 /* main.m in Sources */ = {isa = PBXBuildFile; fileRef = 866232B2215F2C74006BFA59 /* main.m */; };
		866232BF215F30AB006BFA59 /* InterfaceManager.m in Sources */ = {isa = PBXBuildFile; fileRef = 866232BE215F30AB006BFA59 /* InterfaceManager.m */; };
		866232C2215F310E006BFA59 /* PCUser.m in Sources */ = {isa = PBXBuildFile; fileRef = 866232C1215F310E006BFA59 /* PCUser.m */; };
		866232C5215F3360006BFA59 /* InterfaceUser.m in Sources */ = {isa = PBXBuildFile; fileRef = 866232C4215F3360006BFA59 /* InterfaceUser.m */; };
		DE5535966155F0AF34720A98 /* libPods-Test_PhoneCall.a in Frameworks */ = {isa = PBXBuildFile; fileRef = EF5A31F638D741ECCE798C83 /* libPods-Test_PhoneCall.a */; };
/* End PBXBuildFile section */

/* Begin PBXFileReference section */
		27D19ADBA74869DDB912E010 /* Pods-Test_PhoneCall.debug.xcconfig */ = {isa = PBXFileReference; includeInIndex = 1; lastKnownFileType = text.xcconfig; name = "Pods-Test_PhoneCall.debug.xcconfig"; path = "Pods/Target Support Files/Pods-Test_PhoneCall/Pods-Test_PhoneCall.debug.xcconfig"; sourceTree = "<group>"; };
		8606A4F4216C505800B08CCD /* PCNumberList.h */ = {isa = PBXFileReference; lastKnownFileType = sourcecode.c.h; path = PCNumberList.h; sourceTree = "<group>"; };
		8606A4F5216C505800B08CCD /* PCNumberList.m */ = {isa = PBXFileReference; lastKnownFileType = sourcecode.c.objc; path = PCNumberList.m; sourceTree = "<group>"; };
		8628352D216B0475002B71D1 /* Constant.h */ = {isa = PBXFileReference; fileEncoding = 4; lastKnownFileType = sourcecode.c.h; path = Constant.h; sourceTree = "<group>"; };
		8628352E216B084E002B71D1 /* Test_PhoneCall.entitlements */ = {isa = PBXFileReference; lastKnownFileType = text.plist.entitlements; path = Test_PhoneCall.entitlements; sourceTree = "<group>"; };
		8628352F216B37EA002B71D1 /* PCRecentBills.h */ = {isa = PBXFileReference; lastKnownFileType = sourcecode.c.h; path = PCRecentBills.h; sourceTree = "<group>"; };
		86283530216B37EA002B71D1 /* PCRecentBills.m */ = {isa = PBXFileReference; lastKnownFileType = sourcecode.c.objc; path = PCRecentBills.m; sourceTree = "<group>"; };
		86283533216B3DDC002B71D1 /* InterfaceNumber.h */ = {isa = PBXFileReference; lastKnownFileType = sourcecode.c.h; path = InterfaceNumber.h; sourceTree = "<group>"; };
		86283534216B3DDC002B71D1 /* InterfaceNumber.m */ = {isa = PBXFileReference; lastKnownFileType = sourcecode.c.objc; path = InterfaceNumber.m; sourceTree = "<group>"; };
		86283539216B4A35002B71D1 /* PCCountryList.h */ = {isa = PBXFileReference; lastKnownFileType = sourcecode.c.h; path = PCCountryList.h; sourceTree = "<group>"; };
		8628353A216B4A35002B71D1 /* PCCountryList.m */ = {isa = PBXFileReference; lastKnownFileType = sourcecode.c.objc; path = PCCountryList.m; sourceTree = "<group>"; };
		8628353C216B4B22002B71D1 /* PCAreaList.h */ = {isa = PBXFileReference; lastKnownFileType = sourcecode.c.h; path = PCAreaList.h; sourceTree = "<group>"; };
		8628353D216B4B22002B71D1 /* PCAreaList.m */ = {isa = PBXFileReference; lastKnownFileType = sourcecode.c.objc; path = PCAreaList.m; sourceTree = "<group>"; };
		8628353F216B54EE002B71D1 /* PCChargeInfo.h */ = {isa = PBXFileReference; lastKnownFileType = sourcecode.c.h; path = PCChargeInfo.h; sourceTree = "<group>"; };
		86283540216B54EE002B71D1 /* PCChargeInfo.m */ = {isa = PBXFileReference; lastKnownFileType = sourcecode.c.objc; path = PCChargeInfo.m; sourceTree = "<group>"; };
		86283544216B5EAE002B71D1 /* InterfacePayment.h */ = {isa = PBXFileReference; lastKnownFileType = sourcecode.c.h; path = InterfacePayment.h; sourceTree = "<group>"; };
		86283545216B5EAE002B71D1 /* InterfacePayment.m */ = {isa = PBXFileReference; lastKnownFileType = sourcecode.c.objc; path = InterfacePayment.m; sourceTree = "<group>"; };
		86283547216B5EC9002B71D1 /* InterfacePhone.h */ = {isa = PBXFileReference; lastKnownFileType = sourcecode.c.h; path = InterfacePhone.h; sourceTree = "<group>"; };
		86283548216B5EC9002B71D1 /* InterfacePhone.m */ = {isa = PBXFileReference; lastKnownFileType = sourcecode.c.objc; path = InterfacePhone.m; sourceTree = "<group>"; };
		8628354A216B5F02002B71D1 /* InterfaceCoin.h */ = {isa = PBXFileReference; lastKnownFileType = sourcecode.c.h; path = InterfaceCoin.h; sourceTree = "<group>"; };
		8628354B216B5F02002B71D1 /* InterfaceCoin.m */ = {isa = PBXFileReference; lastKnownFileType = sourcecode.c.objc; path = InterfaceCoin.m; sourceTree = "<group>"; };
		866232A0215F2C72006BFA59 /* Test_PhoneCall.app */ = {isa = PBXFileReference; explicitFileType = wrapper.application; includeInIndex = 0; path = Test_PhoneCall.app; sourceTree = BUILT_PRODUCTS_DIR; };
		866232A3215F2C72006BFA59 /* AppDelegate.h */ = {isa = PBXFileReference; lastKnownFileType = sourcecode.c.h; path = AppDelegate.h; sourceTree = "<group>"; };
		866232A4215F2C72006BFA59 /* AppDelegate.m */ = {isa = PBXFileReference; lastKnownFileType = sourcecode.c.objc; path = AppDelegate.m; sourceTree = "<group>"; };
		866232A6215F2C72006BFA59 /* ViewController.h */ = {isa = PBXFileReference; lastKnownFileType = sourcecode.c.h; path = ViewController.h; sourceTree = "<group>"; };
		866232A7215F2C72006BFA59 /* ViewController.m */ = {isa = PBXFileReference; lastKnownFileType = sourcecode.c.objc; path = ViewController.m; sourceTree = "<group>"; };
		866232AA215F2C72006BFA59 /* Base */ = {isa = PBXFileReference; lastKnownFileType = file.storyboard; name = Base; path = Base.lproj/Main.storyboard; sourceTree = "<group>"; };
		866232AC215F2C74006BFA59 /* Assets.xcassets */ = {isa = PBXFileReference; lastKnownFileType = folder.assetcatalog; path = Assets.xcassets; sourceTree = "<group>"; };
		866232AF215F2C74006BFA59 /* Base */ = {isa = PBXFileReference; lastKnownFileType = file.storyboard; name = Base; path = Base.lproj/LaunchScreen.storyboard; sourceTree = "<group>"; };
		866232B1215F2C74006BFA59 /* Info.plist */ = {isa = PBXFileReference; lastKnownFileType = text.plist.xml; path = Info.plist; sourceTree = "<group>"; };
		866232B2215F2C74006BFA59 /* main.m */ = {isa = PBXFileReference; lastKnownFileType = sourcecode.c.objc; path = main.m; sourceTree = "<group>"; };
		866232BD215F30AB006BFA59 /* InterfaceManager.h */ = {isa = PBXFileReference; lastKnownFileType = sourcecode.c.h; path = InterfaceManager.h; sourceTree = "<group>"; };
		866232BE215F30AB006BFA59 /* InterfaceManager.m */ = {isa = PBXFileReference; lastKnownFileType = sourcecode.c.objc; path = InterfaceManager.m; sourceTree = "<group>"; };
		866232C0215F310E006BFA59 /* PCUser.h */ = {isa = PBXFileReference; lastKnownFileType = sourcecode.c.h; path = PCUser.h; sourceTree = "<group>"; };
		866232C1215F310E006BFA59 /* PCUser.m */ = {isa = PBXFileReference; lastKnownFileType = sourcecode.c.objc; path = PCUser.m; sourceTree = "<group>"; };
		866232C3215F3360006BFA59 /* InterfaceUser.h */ = {isa = PBXFileReference; lastKnownFileType = sourcecode.c.h; path = InterfaceUser.h; sourceTree = "<group>"; };
		866232C4215F3360006BFA59 /* InterfaceUser.m */ = {isa = PBXFileReference; lastKnownFileType = sourcecode.c.objc; path = InterfaceUser.m; sourceTree = "<group>"; };
		B28022F8C90B8975A79FC9D9 /* Pods-Test_PhoneCall.release.xcconfig */ = {isa = PBXFileReference; includeInIndex = 1; lastKnownFileType = text.xcconfig; name = "Pods-Test_PhoneCall.release.xcconfig"; path = "Pods/Target Support Files/Pods-Test_PhoneCall/Pods-Test_PhoneCall.release.xcconfig"; sourceTree = "<group>"; };
		EF5A31F638D741ECCE798C83 /* libPods-Test_PhoneCall.a */ = {isa = PBXFileReference; explicitFileType = archive.ar; includeInIndex = 0; path = "libPods-Test_PhoneCall.a"; sourceTree = BUILT_PRODUCTS_DIR; };
/* End PBXFileReference section */

/* Begin PBXFrameworksBuildPhase section */
		8662329D215F2C72006BFA59 /* Frameworks */ = {
			isa = PBXFrameworksBuildPhase;
			buildActionMask = 2147483647;
			files = (
				DE5535966155F0AF34720A98 /* libPods-Test_PhoneCall.a in Frameworks */,
			);
			runOnlyForDeploymentPostprocessing = 0;
		};
/* End PBXFrameworksBuildPhase section */

/* Begin PBXGroup section */
		3AA691D3673580959CFE90BD /* Pods */ = {
			isa = PBXGroup;
			children = (
				27D19ADBA74869DDB912E010 /* Pods-Test_PhoneCall.debug.xcconfig */,
				B28022F8C90B8975A79FC9D9 /* Pods-Test_PhoneCall.release.xcconfig */,
			);
			name = Pods;
			sourceTree = "<group>";
		};
		86283532216B3DA6002B71D1 /* Number */ = {
			isa = PBXGroup;
			children = (
				86283533216B3DDC002B71D1 /* InterfaceNumber.h */,
				86283534216B3DDC002B71D1 /* InterfaceNumber.m */,
				8606A4F4216C505800B08CCD /* PCNumberList.h */,
				8606A4F5216C505800B08CCD /* PCNumberList.m */,
				86283539216B4A35002B71D1 /* PCCountryList.h */,
				8628353A216B4A35002B71D1 /* PCCountryList.m */,
				8628353C216B4B22002B71D1 /* PCAreaList.h */,
				8628353D216B4B22002B71D1 /* PCAreaList.m */,
				8628353F216B54EE002B71D1 /* PCChargeInfo.h */,
				86283540216B54EE002B71D1 /* PCChargeInfo.m */,
			);
			path = Number;
			sourceTree = "<group>";
		};
		86283542216B5E5B002B71D1 /* Phone */ = {
			isa = PBXGroup;
			children = (
				86283547216B5EC9002B71D1 /* InterfacePhone.h */,
				86283548216B5EC9002B71D1 /* InterfacePhone.m */,
			);
			path = Phone;
			sourceTree = "<group>";
		};
		86283543216B5E5B002B71D1 /* Coin */ = {
			isa = PBXGroup;
			children = (
				8628354A216B5F02002B71D1 /* InterfaceCoin.h */,
				8628354B216B5F02002B71D1 /* InterfaceCoin.m */,
			);
			path = Coin;
			sourceTree = "<group>";
		};
		86623297215F2C72006BFA59 = {
			isa = PBXGroup;
			children = (
				866232A2215F2C72006BFA59 /* Test_PhoneCall */,
				866232A1215F2C72006BFA59 /* Products */,
				3AA691D3673580959CFE90BD /* Pods */,
				E9B726E35CA3116328202CB4 /* Frameworks */,
			);
			sourceTree = "<group>";
		};
		866232A1215F2C72006BFA59 /* Products */ = {
			isa = PBXGroup;
			children = (
				866232A0215F2C72006BFA59 /* Test_PhoneCall.app */,
			);
			name = Products;
			sourceTree = "<group>";
		};
		866232A2215F2C72006BFA59 /* Test_PhoneCall */ = {
			isa = PBXGroup;
			children = (
				8628352E216B084E002B71D1 /* Test_PhoneCall.entitlements */,
				8628352D216B0475002B71D1 /* Constant.h */,
				866232B9215F3092006BFA59 /* Models */,
				866232A3215F2C72006BFA59 /* AppDelegate.h */,
				866232A4215F2C72006BFA59 /* AppDelegate.m */,
				866232A6215F2C72006BFA59 /* ViewController.h */,
				866232A7215F2C72006BFA59 /* ViewController.m */,
				866232A9215F2C72006BFA59 /* Main.storyboard */,
				866232AC215F2C74006BFA59 /* Assets.xcassets */,
				866232AE215F2C74006BFA59 /* LaunchScreen.storyboard */,
				866232B1215F2C74006BFA59 /* Info.plist */,
				866232B2215F2C74006BFA59 /* main.m */,
			);
			path = Test_PhoneCall;
			sourceTree = "<group>";
		};
		866232B9215F3092006BFA59 /* Models */ = {
			isa = PBXGroup;
			children = (
				86283543216B5E5B002B71D1 /* Coin */,
				86283542216B5E5B002B71D1 /* Phone */,
				86283532216B3DA6002B71D1 /* Number */,
				866232BA215F3092006BFA59 /* Payment */,
				866232BB215F3092006BFA59 /* User */,
				866232BD215F30AB006BFA59 /* InterfaceManager.h */,
				866232BE215F30AB006BFA59 /* InterfaceManager.m */,
			);
			path = Models;
			sourceTree = "<group>";
		};
		866232BA215F3092006BFA59 /* Payment */ = {
			isa = PBXGroup;
			children = (
				86283544216B5EAE002B71D1 /* InterfacePayment.h */,
				86283545216B5EAE002B71D1 /* InterfacePayment.m */,
			);
			path = Payment;
			sourceTree = "<group>";
		};
		866232BB215F3092006BFA59 /* User */ = {
			isa = PBXGroup;
			children = (
				866232C3215F3360006BFA59 /* InterfaceUser.h */,
				866232C4215F3360006BFA59 /* InterfaceUser.m */,
				866232C0215F310E006BFA59 /* PCUser.h */,
				866232C1215F310E006BFA59 /* PCUser.m */,
				8628352F216B37EA002B71D1 /* PCRecentBills.h */,
				86283530216B37EA002B71D1 /* PCRecentBills.m */,
			);
			path = User;
			sourceTree = "<group>";
		};
		E9B726E35CA3116328202CB4 /* Frameworks */ = {
			isa = PBXGroup;
			children = (
				EF5A31F638D741ECCE798C83 /* libPods-Test_PhoneCall.a */,
			);
			name = Frameworks;
			sourceTree = "<group>";
		};
/* End PBXGroup section */

/* Begin PBXNativeTarget section */
		8662329F215F2C72006BFA59 /* Test_PhoneCall */ = {
			isa = PBXNativeTarget;
			buildConfigurationList = 866232B6215F2C74006BFA59 /* Build configuration list for PBXNativeTarget "Test_PhoneCall" */;
			buildPhases = (
				9AE5B4E595266C9A04E70C8D /* [CP] Check Pods Manifest.lock */,
				8662329C215F2C72006BFA59 /* Sources */,
				8662329D215F2C72006BFA59 /* Frameworks */,
				8662329E215F2C72006BFA59 /* Resources */,
				4E3719C3478B70E147717B79 /* [CP] Copy Pods Resources */,
			);
			buildRules = (
			);
			dependencies = (
			);
			name = Test_PhoneCall;
			productName = Test_PhoneCall;
			productReference = 866232A0215F2C72006BFA59 /* Test_PhoneCall.app */;
			productType = "com.apple.product-type.application";
		};
/* End PBXNativeTarget section */

/* Begin PBXProject section */
		86623298215F2C72006BFA59 /* Project object */ = {
			isa = PBXProject;
			attributes = {
				LastUpgradeCheck = 1000;
				ORGANIZATIONNAME = Musjoy;
				TargetAttributes = {
					8662329F215F2C72006BFA59 = {
						CreatedOnToolsVersion = 10.0;
						SystemCapabilities = {
							com.apple.Keychain = {
								enabled = 1;
							};
							com.apple.Push = {
								enabled = 1;
							};
						};
					};
				};
			};
			buildConfigurationList = 8662329B215F2C72006BFA59 /* Build configuration list for PBXProject "Test_PhoneCall" */;
			compatibilityVersion = "Xcode 9.3";
			developmentRegion = en;
			hasScannedForEncodings = 0;
			knownRegions = (
				en,
				Base,
			);
			mainGroup = 86623297215F2C72006BFA59;
			productRefGroup = 866232A1215F2C72006BFA59 /* Products */;
			projectDirPath = "";
			projectRoot = "";
			targets = (
				8662329F215F2C72006BFA59 /* Test_PhoneCall */,
			);
		};
/* End PBXProject section */

/* Begin PBXResourcesBuildPhase section */
		8662329E215F2C72006BFA59 /* Resources */ = {
			isa = PBXResourcesBuildPhase;
			buildActionMask = 2147483647;
			files = (
				866232B0215F2C74006BFA59 /* LaunchScreen.storyboard in Resources */,
				866232AD215F2C74006BFA59 /* Assets.xcassets in Resources */,
				866232AB215F2C72006BFA59 /* Main.storyboard in Resources */,
			);
			runOnlyForDeploymentPostprocessing = 0;
		};
/* End PBXResourcesBuildPhase section */

/* Begin PBXShellScriptBuildPhase section */
		4E3719C3478B70E147717B79 /* [CP] Copy Pods Resources */ = {
			isa = PBXShellScriptBuildPhase;
			buildActionMask = 2147483647;
			files = (
			);
			inputPaths = (
				"${SRCROOT}/Pods/Target Support Files/Pods-Test_PhoneCall/Pods-Test_PhoneCall-resources.sh",
				"${PODS_ROOT}/MJLoadingView/MJLoadingView/Classes/MJLoadingView0.xib",
				"${PODS_ROOT}/MJLoadingView/MJLoadingView/Classes/MJLoadingView1.xib",
			);
			name = "[CP] Copy Pods Resources";
			outputPaths = (
				"${TARGET_BUILD_DIR}/${UNLOCALIZED_RESOURCES_FOLDER_PATH}/MJLoadingView0.nib",
				"${TARGET_BUILD_DIR}/${UNLOCALIZED_RESOURCES_FOLDER_PATH}/MJLoadingView1.nib",
			);
			runOnlyForDeploymentPostprocessing = 0;
			shellPath = /bin/sh;
			shellScript = "\"${SRCROOT}/Pods/Target Support Files/Pods-Test_PhoneCall/Pods-Test_PhoneCall-resources.sh\"\n";
			showEnvVarsInLog = 0;
		};
		9AE5B4E595266C9A04E70C8D /* [CP] Check Pods Manifest.lock */ = {
			isa = PBXShellScriptBuildPhase;
			buildActionMask = 2147483647;
			files = (
			);
			inputPaths = (
				"${PODS_PODFILE_DIR_PATH}/Podfile.lock",
				"${PODS_ROOT}/Manifest.lock",
			);
			name = "[CP] Check Pods Manifest.lock";
			outputPaths = (
				"$(DERIVED_FILE_DIR)/Pods-Test_PhoneCall-checkManifestLockResult.txt",
			);
			runOnlyForDeploymentPostprocessing = 0;
			shellPath = /bin/sh;
			shellScript = "diff \"${PODS_PODFILE_DIR_PATH}/Podfile.lock\" \"${PODS_ROOT}/Manifest.lock\" > /dev/null\nif [ $? != 0 ] ; then\n    # print error to STDERR\n    echo \"error: The sandbox is not in sync with the Podfile.lock. Run 'pod install' or update your CocoaPods installation.\" >&2\n    exit 1\nfi\n# This output is used by Xcode 'outputs' to avoid re-running this script phase.\necho \"SUCCESS\" > \"${SCRIPT_OUTPUT_FILE_0}\"\n";
			showEnvVarsInLog = 0;
		};
/* End PBXShellScriptBuildPhase section */

/* Begin PBXSourcesBuildPhase section */
		8662329C215F2C72006BFA59 /* Sources */ = {
			isa = PBXSourcesBuildPhase;
			buildActionMask = 2147483647;
			files = (
				86283531216B37EA002B71D1 /* PCRecentBills.m in Sources */,
				8606A4F6216C505800B08CCD /* PCNumberList.m in Sources */,
				866232A8215F2C72006BFA59 /* ViewController.m in Sources */,
				86283541216B54EE002B71D1 /* PCChargeInfo.m in Sources */,
				866232BF215F30AB006BFA59 /* InterfaceManager.m in Sources */,
				8628353B216B4A35002B71D1 /* PCCountryList.m in Sources */,
				866232C5215F3360006BFA59 /* InterfaceUser.m in Sources */,
				86283546216B5EAE002B71D1 /* InterfacePayment.m in Sources */,
				866232B3215F2C74006BFA59 /* main.m in Sources */,
				866232A5215F2C72006BFA59 /* AppDelegate.m in Sources */,
				86283535216B3DDC002B71D1 /* InterfaceNumber.m in Sources */,
				866232C2215F310E006BFA59 /* PCUser.m in Sources */,
				86283549216B5EC9002B71D1 /* InterfacePhone.m in Sources */,
				8628353E216B4B22002B71D1 /* PCAreaList.m in Sources */,
				8628354C216B5F02002B71D1 /* InterfaceCoin.m in Sources */,
			);
			runOnlyForDeploymentPostprocessing = 0;
		};
/* End PBXSourcesBuildPhase section */

/* Begin PBXVariantGroup section */
		866232A9215F2C72006BFA59 /* Main.storyboard */ = {
			isa = PBXVariantGroup;
			children = (
				866232AA215F2C72006BFA59 /* Base */,
			);
			name = Main.storyboard;
			sourceTree = "<group>";
		};
		866232AE215F2C74006BFA59 /* LaunchScreen.storyboard */ = {
			isa = PBXVariantGroup;
			children = (
				866232AF215F2C74006BFA59 /* Base */,
			);
			name = LaunchScreen.storyboard;
			sourceTree = "<group>";
		};
/* End PBXVariantGroup section */

/* Begin XCBuildConfiguration section */
		866232B4215F2C74006BFA59 /* Debug */ = {
			isa = XCBuildConfiguration;
			buildSettings = {
				ALWAYS_SEARCH_USER_PATHS = NO;
				CLANG_ANALYZER_NONNULL = YES;
				CLANG_ANALYZER_NUMBER_OBJECT_CONVERSION = YES_AGGRESSIVE;
				CLANG_CXX_LANGUAGE_STANDARD = "gnu++14";
				CLANG_CXX_LIBRARY = "libc++";
				CLANG_ENABLE_MODULES = YES;
				CLANG_ENABLE_OBJC_ARC = YES;
				CLANG_ENABLE_OBJC_WEAK = YES;
				CLANG_WARN_BLOCK_CAPTURE_AUTORELEASING = YES;
				CLANG_WARN_BOOL_CONVERSION = YES;
				CLANG_WARN_COMMA = YES;
				CLANG_WARN_CONSTANT_CONVERSION = YES;
				CLANG_WARN_DEPRECATED_OBJC_IMPLEMENTATIONS = YES;
				CLANG_WARN_DIRECT_OBJC_ISA_USAGE = YES_ERROR;
				CLANG_WARN_DOCUMENTATION_COMMENTS = YES;
				CLANG_WARN_EMPTY_BODY = YES;
				CLANG_WARN_ENUM_CONVERSION = YES;
				CLANG_WARN_INFINITE_RECURSION = YES;
				CLANG_WARN_INT_CONVERSION = YES;
				CLANG_WARN_NON_LITERAL_NULL_CONVERSION = YES;
				CLANG_WARN_OBJC_IMPLICIT_RETAIN_SELF = YES;
				CLANG_WARN_OBJC_LITERAL_CONVERSION = YES;
				CLANG_WARN_OBJC_ROOT_CLASS = YES_ERROR;
				CLANG_WARN_RANGE_LOOP_ANALYSIS = YES;
				CLANG_WARN_STRICT_PROTOTYPES = YES;
				CLANG_WARN_SUSPICIOUS_MOVE = YES;
				CLANG_WARN_UNGUARDED_AVAILABILITY = YES_AGGRESSIVE;
				CLANG_WARN_UNREACHABLE_CODE = YES;
				CLANG_WARN__DUPLICATE_METHOD_MATCH = YES;
				CODE_SIGN_IDENTITY = "iPhone Developer";
				COPY_PHASE_STRIP = NO;
				DEBUG_INFORMATION_FORMAT = dwarf;
				ENABLE_STRICT_OBJC_MSGSEND = YES;
				ENABLE_TESTABILITY = YES;
				GCC_C_LANGUAGE_STANDARD = gnu11;
				GCC_DYNAMIC_NO_PIC = NO;
				GCC_NO_COMMON_BLOCKS = YES;
				GCC_OPTIMIZATION_LEVEL = 0;
				GCC_PREPROCESSOR_DEFINITIONS = (
					"DEBUG=1",
					"$(inherited)",
				);
				GCC_WARN_64_TO_32_BIT_CONVERSION = YES;
				GCC_WARN_ABOUT_RETURN_TYPE = YES_ERROR;
				GCC_WARN_UNDECLARED_SELECTOR = YES;
				GCC_WARN_UNINITIALIZED_AUTOS = YES_AGGRESSIVE;
				GCC_WARN_UNUSED_FUNCTION = YES;
				GCC_WARN_UNUSED_VARIABLE = YES;
				IPHONEOS_DEPLOYMENT_TARGET = 10.0;
				MTL_ENABLE_DEBUG_INFO = INCLUDE_SOURCE;
				MTL_FAST_MATH = YES;
				ONLY_ACTIVE_ARCH = YES;
				SDKROOT = iphoneos;
			};
			name = Debug;
		};
		866232B5215F2C74006BFA59 /* Release */ = {
			isa = XCBuildConfiguration;
			buildSettings = {
				ALWAYS_SEARCH_USER_PATHS = NO;
				CLANG_ANALYZER_NONNULL = YES;
				CLANG_ANALYZER_NUMBER_OBJECT_CONVERSION = YES_AGGRESSIVE;
				CLANG_CXX_LANGUAGE_STANDARD = "gnu++14";
				CLANG_CXX_LIBRARY = "libc++";
				CLANG_ENABLE_MODULES = YES;
				CLANG_ENABLE_OBJC_ARC = YES;
				CLANG_ENABLE_OBJC_WEAK = YES;
				CLANG_WARN_BLOCK_CAPTURE_AUTORELEASING = YES;
				CLANG_WARN_BOOL_CONVERSION = YES;
				CLANG_WARN_COMMA = YES;
				CLANG_WARN_CONSTANT_CONVERSION = YES;
				CLANG_WARN_DEPRECATED_OBJC_IMPLEMENTATIONS = YES;
				CLANG_WARN_DIRECT_OBJC_ISA_USAGE = YES_ERROR;
				CLANG_WARN_DOCUMENTATION_COMMENTS = YES;
				CLANG_WARN_EMPTY_BODY = YES;
				CLANG_WARN_ENUM_CONVERSION = YES;
				CLANG_WARN_INFINITE_RECURSION = YES;
				CLANG_WARN_INT_CONVERSION = YES;
				CLANG_WARN_NON_LITERAL_NULL_CONVERSION = YES;
				CLANG_WARN_OBJC_IMPLICIT_RETAIN_SELF = YES;
				CLANG_WARN_OBJC_LITERAL_CONVERSION = YES;
				CLANG_WARN_OBJC_ROOT_CLASS = YES_ERROR;
				CLANG_WARN_RANGE_LOOP_ANALYSIS = YES;
				CLANG_WARN_STRICT_PROTOTYPES = YES;
				CLANG_WARN_SUSPICIOUS_MOVE = YES;
				CLANG_WARN_UNGUARDED_AVAILABILITY = YES_AGGRESSIVE;
				CLANG_WARN_UNREACHABLE_CODE = YES;
				CLANG_WARN__DUPLICATE_METHOD_MATCH = YES;
				CODE_SIGN_IDENTITY = "iPhone Developer";
				COPY_PHASE_STRIP = NO;
				DEBUG_INFORMATION_FORMAT = "dwarf-with-dsym";
				ENABLE_NS_ASSERTIONS = NO;
				ENABLE_STRICT_OBJC_MSGSEND = YES;
				GCC_C_LANGUAGE_STANDARD = gnu11;
				GCC_NO_COMMON_BLOCKS = YES;
				GCC_WARN_64_TO_32_BIT_CONVERSION = YES;
				GCC_WARN_ABOUT_RETURN_TYPE = YES_ERROR;
				GCC_WARN_UNDECLARED_SELECTOR = YES;
				GCC_WARN_UNINITIALIZED_AUTOS = YES_AGGRESSIVE;
				GCC_WARN_UNUSED_FUNCTION = YES;
				GCC_WARN_UNUSED_VARIABLE = YES;
				IPHONEOS_DEPLOYMENT_TARGET = 10.0;
				MTL_ENABLE_DEBUG_INFO = NO;
				MTL_FAST_MATH = YES;
				SDKROOT = iphoneos;
				VALIDATE_PRODUCT = YES;
			};
			name = Release;
		};
		866232B7215F2C74006BFA59 /* Debug */ = {
			isa = XCBuildConfiguration;
			baseConfigurationReference = 27D19ADBA74869DDB912E010 /* Pods-Test_PhoneCall.debug.xcconfig */;
			buildSettings = {
				ASSETCATALOG_COMPILER_APPICON_NAME = AppIcon;
				CODE_SIGN_ENTITLEMENTS = Test_PhoneCall/Test_PhoneCall.entitlements;
				CODE_SIGN_STYLE = Manual;
				DEVELOPMENT_TEAM = 76MM79XMJ9;
				INFOPLIST_FILE = Test_PhoneCall/Info.plist;
				LD_RUNPATH_SEARCH_PATHS = (
					"$(inherited)",
					"@executable_path/Frameworks",
				);
				PRODUCT_BUNDLE_IDENTIFIER = com.musjoy.IMCalling;
				PRODUCT_NAME = "$(TARGET_NAME)";
				PROVISIONING_PROFILE_SPECIFIER = IMCalling_4_Dev_New;
				TARGETED_DEVICE_FAMILY = "1,2";
			};
			name = Debug;
		};
		866232B8215F2C74006BFA59 /* Release */ = {
			isa = XCBuildConfiguration;
			baseConfigurationReference = B28022F8C90B8975A79FC9D9 /* Pods-Test_PhoneCall.release.xcconfig */;
			buildSettings = {
				ASSETCATALOG_COMPILER_APPICON_NAME = AppIcon;
				CODE_SIGN_ENTITLEMENTS = Test_PhoneCall/Test_PhoneCall.entitlements;
				CODE_SIGN_IDENTITY = "iPhone Distribution";
				CODE_SIGN_STYLE = Manual;
				DEVELOPMENT_TEAM = 76MM79XMJ9;
				INFOPLIST_FILE = Test_PhoneCall/Info.plist;
				LD_RUNPATH_SEARCH_PATHS = (
					"$(inherited)",
					"@executable_path/Frameworks",
				);
				PRODUCT_BUNDLE_IDENTIFIER = com.musjoy.IMCalling;
				PRODUCT_NAME = "$(TARGET_NAME)";
				PROVISIONING_PROFILE_SPECIFIER = IMCalling_4_Dis;
				TARGETED_DEVICE_FAMILY = "1,2";
			};
			name = Release;
		};
/* End XCBuildConfiguration section */

/* Begin XCConfigurationList section */
		8662329B215F2C72006BFA59 /* Build configuration list for PBXProject "Test_PhoneCall" */ = {
			isa = XCConfigurationList;
			buildConfigurations = (
				866232B4215F2C74006BFA59 /* Debug */,
				866232B5215F2C74006BFA59 /* Release */,
			);
			defaultConfigurationIsVisible = 0;
			defaultConfigurationName = Release;
		};
		866232B6215F2C74006BFA59 /* Build configuration list for PBXNativeTarget "Test_PhoneCall" */ = {
			isa = XCConfigurationList;
			buildConfigurations = (
				866232B7215F2C74006BFA59 /* Debug */,
				866232B8215F2C74006BFA59 /* Release */,
			);
			defaultConfigurationIsVisible = 0;
			defaultConfigurationName = Release;
		};
/* End XCConfigurationList section */
	};
	rootObject = 86623298215F2C72006BFA59 /* Project object */;
}
